
Microsoft Visual Studio Solution File, Format Version 12.00
# Visual Studio Version 16
VisualStudioVersion = 16.0.29215.179
MinimumVisualStudioVersion = 10.0.40219.1
Project("{9A19103F-16F7-4668-BE54-9A1E7A4F7556}") = "SharedKernel", "SharedKernel\SharedKernel.csproj", "{1ECDDFF9-774F-4FE5-BE77-7FE9ADADCC0C}"
EndProject
Project("{9A19103F-16F7-4668-BE54-9A1E7A4F7556}") = "SharedKernel.Data", "SharedKernel.Data\SharedKernel.Data.csproj", "{B1AB9985-698F-4A08-AC98-E188AEB9E3CE}"
EndProject
Project("{2150E333-8FDC-42A3-9474-1A3956D46DE8}") = "SharedKernel", "SharedKernel", "{A5133F23-7AF1-4F63-8844-51A74AD6D6CC}"
EndProject
Project("{9A19103F-16F7-4668-BE54-9A1E7A4F7556}") = "DET.Web.ViewModels", "DET.Web.ViewModels\DET.Web.ViewModels.csproj", "{BC69F005-D278-4CD1-AA9C-5A10FE962949}"
EndProject
Project("{9A19103F-16F7-4668-BE54-9A1E7A4F7556}") = "DET.Web", "DET.Web\DET.Web.csproj", "{FD80C442-CF47-4514-A6CE-A258B3CC3EF3}"
EndProject
Project("{2150E333-8FDC-42A3-9474-1A3956D46DE8}") = "DET_Read", "DET_Read", "{7257C90F-917E-4FC9-A7E2-D1CCA8D56435}"
EndProject
Project("{2150E333-8FDC-42A3-9474-1A3956D46DE8}") = "DET_Write", "DET_Write", "{E4D19DA3-DF98-40C4-9169-5094FFF53DEE}"
EndProject
Project("{FAE04EC0-301F-11D3-BF4B-00C04F79EFBC}") = "DET.Read.Domain", "DET.Read.Domain\DET.Read.Domain.csproj", "{137C5EBD-D8A5-4A2D-A6FB-6A2028448098}"
EndProject
Project("{FAE04EC0-301F-11D3-BF4B-00C04F79EFBC}") = "DET.Read.Data", "DET.Read.Data\DET.Read.Data.csproj", "{EB887AB3-D7EC-461C-9E5C-48D01D0C58E0}"
EndProject
Project("{FAE04EC0-301F-11D3-BF4B-00C04F79EFBC}") = "DET.Write.Data", "DET.Write.Data\DET.Write.Data.csproj", "{2D5A2AF7-11D0-4F4B-A791-6D51DC79C61E}"
EndProject
Project("{FAE04EC0-301F-11D3-BF4B-00C04F79EFBC}") = "DET.Write.Domain", "DET.Write.Domain\DET.Write.Domain.csproj", "{F545A233-179C-4F78-9E34-B1D4E017D634}"
EndProject
Global
	GlobalSection(SolutionConfigurationPlatforms) = preSolution
		Debug|Any CPU = Debug|Any CPU
		Release|Any CPU = Release|Any CPU
	EndGlobalSection
	GlobalSection(ProjectConfigurationPlatforms) = postSolution
		{1ECDDFF9-774F-4FE5-BE77-7FE9ADADCC0C}.Debug|Any CPU.ActiveCfg = Debug|Any CPU
		{1ECDDFF9-774F-4FE5-BE77-7FE9ADADCC0C}.Debug|Any CPU.Build.0 = Debug|Any CPU
		{1ECDDFF9-774F-4FE5-BE77-7FE9ADADCC0C}.Release|Any CPU.ActiveCfg = Release|Any CPU
		{1ECDDFF9-774F-4FE5-BE77-7FE9ADADCC0C}.Release|Any CPU.Build.0 = Release|Any CPU
		{B1AB9985-698F-4A08-AC98-E188AEB9E3CE}.Debug|Any CPU.ActiveCfg = Debug|Any CPU
		{B1AB9985-698F-4A08-AC98-E188AEB9E3CE}.Debug|Any CPU.Build.0 = Debug|Any CPU
		{B1AB9985-698F-4A08-AC98-E188AEB9E3CE}.Release|Any CPU.ActiveCfg = Release|Any CPU
		{B1AB9985-698F-4A08-AC98-E188AEB9E3CE}.Release|Any CPU.Build.0 = Release|Any CPU
		{BC69F005-D278-4CD1-AA9C-5A10FE962949}.Debug|Any CPU.ActiveCfg = Debug|Any CPU
		{BC69F005-D278-4CD1-AA9C-5A10FE962949}.Debug|Any CPU.Build.0 = Debug|Any CPU
		{BC69F005-D278-4CD1-AA9C-5A10FE962949}.Release|Any CPU.ActiveCfg = Release|Any CPU
		{BC69F005-D278-4CD1-AA9C-5A10FE962949}.Release|Any CPU.Build.0 = Release|Any CPU
		{FD80C442-CF47-4514-A6CE-A258B3CC3EF3}.Debug|Any CPU.ActiveCfg = Debug|Any CPU
		{FD80C442-CF47-4514-A6CE-A258B3CC3EF3}.Debug|Any CPU.Build.0 = Debug|Any CPU
		{FD80C442-CF47-4514-A6CE-A258B3CC3EF3}.Release|Any CPU.ActiveCfg = Release|Any CPU
		{FD80C442-CF47-4514-A6CE-A258B3CC3EF3}.Release|Any CPU.Build.0 = Release|Any CPU
		{137C5EBD-D8A5-4A2D-A6FB-6A2028448098}.Debug|Any CPU.ActiveCfg = Debug|Any CPU
		{137C5EBD-D8A5-4A2D-A6FB-6A2028448098}.Debug|Any CPU.Build.0 = Debug|Any CPU
		{137C5EBD-D8A5-4A2D-A6FB-6A2028448098}.Release|Any CPU.ActiveCfg = Release|Any CPU
		{137C5EBD-D8A5-4A2D-A6FB-6A2028448098}.Release|Any CPU.Build.0 = Release|Any CPU
		{EB887AB3-D7EC-461C-9E5C-48D01D0C58E0}.Debug|Any CPU.ActiveCfg = Debug|Any CPU
		{EB887AB3-D7EC-461C-9E5C-48D01D0C58E0}.Debug|Any CPU.Build.0 = Debug|Any CPU
		{EB887AB3-D7EC-461C-9E5C-48D01D0C58E0}.Release|Any CPU.ActiveCfg = Release|Any CPU
		{EB887AB3-D7EC-461C-9E5C-48D01D0C58E0}.Release|Any CPU.Build.0 = Release|Any CPU
		{2D5A2AF7-11D0-4F4B-A791-6D51DC79C61E}.Debug|Any CPU.ActiveCfg = Debug|Any CPU
		{2D5A2AF7-11D0-4F4B-A791-6D51DC79C61E}.Debug|Any CPU.Build.0 = Debug|Any CPU
		{2D5A2AF7-11D0-4F4B-A791-6D51DC79C61E}.Release|Any CPU.ActiveCfg = Release|Any CPU
		{2D5A2AF7-11D0-4F4B-A791-6D51DC79C61E}.Release|Any CPU.Build.0 = Release|Any CPU
		{F545A233-179C-4F78-9E34-B1D4E017D634}.Debug|Any CPU.ActiveCfg = Debug|Any CPU
		{F545A233-179C-4F78-9E34-B1D4E017D634}.Debug|Any CPU.Build.0 = Debug|Any CPU
		{F545A233-179C-4F78-9E34-B1D4E017D634}.Release|Any CPU.ActiveCfg = Release|Any CPU
		{F545A233-179C-4F78-9E34-B1D4E017D634}.Release|Any CPU.Build.0 = Release|Any CPU
	EndGlobalSection
	GlobalSection(SolutionProperties) = preSolution
		HideSolutionNode = FALSE
	EndGlobalSection
	GlobalSection(NestedProjects) = preSolution
		{1ECDDFF9-774F-4FE5-BE77-7FE9ADADCC0C} = {A5133F23-7AF1-4F63-8844-51A74AD6D6CC}
		{B1AB9985-698F-4A08-AC98-E188AEB9E3CE} = {A5133F23-7AF1-4F63-8844-51A74AD6D6CC}
		{137C5EBD-D8A5-4A2D-A6FB-6A2028448098} = {7257C90F-917E-4FC9-A7E2-D1CCA8D56435}
		{EB887AB3-D7EC-461C-9E5C-48D01D0C58E0} = {7257C90F-917E-4FC9-A7E2-D1CCA8D56435}
		{2D5A2AF7-11D0-4F4B-A791-6D51DC79C61E} = {E4D19DA3-DF98-40C4-9169-5094FFF53DEE}
		{F545A233-179C-4F78-9E34-B1D4E017D634} = {E4D19DA3-DF98-40C4-9169-5094FFF53DEE}
	EndGlobalSection
	GlobalSection(ExtensibilityGlobals) = postSolution
		SolutionGuid = {2B18FAA0-F792-49BD-80CE-DA125D5D977E}
	EndGlobalSection
EndGlobal
